
Microsoft Visual Studio Solution File, Format Version 12.00
# Visual Studio Version 16
VisualStudioVersion = 16.0.29102.190
MinimumVisualStudioVersion = 10.0.40219.1
Project("{FAE04EC0-301F-11D3-BF4B-00C04F79EFBC}") = "Xadrez", "Xadrez\Xadrez.csproj", "{B5315AD8-FAAB-41C9-8715-7BA1B3D99157}"
EndProject
Global
	GlobalSection(SolutionConfigurationPlatforms) = preSolution
		Debug|Any CPU = Debug|Any CPU
		Release|Any CPU = Release|Any CPU
	EndGlobalSection
	GlobalSection(ProjectConfigurationPlatforms) = postSolution
		{B5315AD8-FAAB-41C9-8715-7BA1B3D99157}.Debug|Any CPU.ActiveCfg = Debug|Any CPU
		{B5315AD8-FAAB-41C9-8715-7BA1B3D99157}.Debug|Any CPU.Build.0 = Debug|Any CPU
		{B5315AD8-FAAB-41C9-8715-7BA1B3D99157}.Release|Any CPU.ActiveCfg = Release|Any CPU
		{B5315AD8-FAAB-41C9-8715-7BA1B3D99157}.Release|Any CPU.Build.0 = Release|Any CPU
	EndGlobalSection
	GlobalSection(SolutionProperties) = preSolution
		HideSolutionNode = FALSE
	EndGlobalSection
	GlobalSection(ExtensibilityGlobals) = postSolution
		SolutionGuid = {D21A39D9-35B1-40FF-BBC2-D4834ED0C65C}
	EndGlobalSection
EndGlobal
